PODS:
  - SwiftFormat/CLI (0.55.3)
  - SwiftGen (6.6.2)
  - SwiftLint (0.57.1)

DEPENDENCIES:
  - SwiftFormat/CLI (= 0.55.3)
  - SwiftGen (= 6.6.2)
  - SwiftLint (= 0.57.1)

SPEC REPOS:
  trunk:
    - SwiftFormat
    - SwiftGen
    - SwiftLint

SPEC CHECKSUMS:
  SwiftFormat: 2f3558ca02842dcd3fd970360d2d4054bd21624a
  SwiftGen: 1366a7f71aeef49954ca5a63ba4bef6b0f24138c
  SwiftLint: 92196976e597b9afec5dbe374810103e6c1d9d7c

PODFILE CHECKSUM: 472e18803c65e10e1e697a62fe1f01f9f169ecaa

COCOAPODS: 1.16.2
